# This file is autogenerated, do not edit; changes may be undone by the next 'dep ensure'.


[[projects]]
  digest = "1:77395dd3847dac9c45118c668f5dab85aedf0163dc3b38aea6578c5cf0d502f9"
  name = "github.com/hashicorp/go-version"
  packages = ["."]
  pruneopts = "UT"
  revision = "b5a281d3160aa11950a6182bd9a9dc2cb1e02d50"
  version = "v1.0.0"

[[projects]]
  digest = "1:edbef42561faa44c19129b68d1e109fbc1647f63239250391eadc8d0e7c9f669"
  name = "github.com/kelseyhightower/envconfig"
  packages = ["."]
  pruneopts = "UT"
  revision = "f611eb38b3875cc3bd991ca91c51d06446afa14c"
  version = "v1.3.0"

[[projects]]
  branch = "master"
  digest = "1:04c940cffdb7c03a504bafca3ab62b2bb1db4b2882341df91e0255b36204f888"
  name = "github.com/mattn/go-oci8"
  packages = ["."]
  pruneopts = "UT"
  revision = "fd85bbc460de06866f9f08b469e24a14af92a2c1"

[solve-meta]
  analyzer-name = "dep"
  analyzer-version = 1
  input-imports = [
    "github.com/hashicorp/go-version",
    "github.com/kelseyhightower/envconfig",
    "github.com/mattn/go-oci8",
  ]
  solver-name = "gps-cdcl"
  solver-version = 1
