# This file is autogenerated, do not edit; changes may be undone by the next 'dep ensure'.


[[projects]]
  digest = "1:77395dd3847dac9c45118c668f5dab85aedf0163dc3b38aea6578c5cf0d502f9"
  name = "github.com/hashicorp/go-version"
  packages = ["."]
  pruneopts = "UT"
  revision = "b5a281d3160aa11950a6182bd9a9dc2cb1e02d50"
  version = "v1.0.0"

[[projects]]
  digest = "1:4d40568cadeedb40d01cc7359f21b0a7b8c2eff9676fec48ba4f40fa0f5da928"
  name = "github.com/hashicorp/terraform"
  packages = ["helper/acctest"]
  pruneopts = "UT"
  revision = "17850e9a55d33c43d7c31fd6ac122ba97a51d899"
  version = "v0.11.10"

[[projects]]
  digest = "1:edbef42561faa44c19129b68d1e109fbc1647f63239250391eadc8d0e7c9f669"
  name = "github.com/kelseyhightower/envconfig"
  packages = ["."]
  pruneopts = "UT"
  revision = "f611eb38b3875cc3bd991ca91c51d06446afa14c"
  version = "v1.3.0"

[[projects]]
  branch = "master"
  digest = "1:04c940cffdb7c03a504bafca3ab62b2bb1db4b2882341df91e0255b36204f888"
  name = "github.com/mattn/go-oci8"
  packages = ["."]
  pruneopts = "UT"
  revision = "fd85bbc460de06866f9f08b469e24a14af92a2c1"

[[projects]]
  branch = "master"
  digest = "1:267cbe7e1ac8eee922f32a2b96b161b8ae70b6ca749d31f3f536012ffc500528"
  name = "github.com/mattrobenolt/size"
  packages = ["."]
  pruneopts = "UT"
  revision = "9fdad82c8f2cfe2c6206f2e0cacf353b438af32a"

[[projects]]
  branch = "master"
  digest = "1:082c538aa8ca5e086d5d20ec16417e7fca237de2c4146485e02aa09989d0ff38"
  name = "golang.org/x/crypto"
  packages = [
    "curve25519",
    "ed25519",
    "ed25519/internal/edwards25519",
    "internal/chacha20",
    "internal/subtle",
    "poly1305",
    "ssh",
  ]
  pruneopts = "UT"
  revision = "3d3f9f413869b949e48070b5bc593aa22cc2b8f2"

[solve-meta]
  analyzer-name = "dep"
  analyzer-version = 1
  input-imports = [
    "github.com/hashicorp/go-version",
    "github.com/hashicorp/terraform/helper/acctest",
    "github.com/kelseyhightower/envconfig",
    "github.com/mattn/go-oci8",
    "github.com/mattrobenolt/size",
  ]
  solver-name = "gps-cdcl"
  solver-version = 1
