# This file is autogenerated, do not edit; changes may be undone by the next 'dep ensure'.


[[projects]]
  digest = "1:edbef42561faa44c19129b68d1e109fbc1647f63239250391eadc8d0e7c9f669"
  name = "github.com/kelseyhightower/envconfig"
  packages = ["."]
  pruneopts = "UT"
  revision = "f611eb38b3875cc3bd991ca91c51d06446afa14c"
  version = "v1.3.0"

[[projects]]
  branch = "master"
  digest = "1:006c7ac73e437d5f76e31b9d5bcded64c30b004f2b81f6f15b0ec112d55cb497"
  name = "github.com/mattn/go-oci8"
  packages = ["."]
  pruneopts = "UT"
  revision = "0955bc9f194fc150e795489cf1840010b81ad0bd"

[solve-meta]
  analyzer-name = "dep"
  analyzer-version = 1
  input-imports = [
    "github.com/kelseyhightower/envconfig",
    "github.com/mattn/go-oci8",
  ]
  solver-name = "gps-cdcl"
  solver-version = 1
